// !$*UTF8*$!
{
	archiveVersion = 1;
	classes = {
	};
	objectVersion = 77;
	objects = {

/* Begin PBXContainerItemProxy section */
		653B18F42D3315EB00B2CAE4 /* PBXContainerItemProxy */ = {
			isa = PBXContainerItemProxy;
			containerPortal = 653B18D62D3315EA00B2CAE4 /* Project object */;
			proxyType = 1;
			remoteGlobalIDString = 653B18DD2D3315EA00B2CAE4;
			remoteInfo = Zeez;
		};
		653B18FE2D3315EB00B2CAE4 /* PBXContainerItemProxy */ = {
			isa = PBXContainerItemProxy;
			containerPortal = 653B18D62D3315EA00B2CAE4 /* Project object */;
			proxyType = 1;
			remoteGlobalIDString = 653B18DD2D3315EA00B2CAE4;
			remoteInfo = Zeez;
		};
/* End PBXContainerItemProxy section */

/* Begin PBXFileReference section */
		653B18DE2D3315EA00B2CAE4 /* Zeez.app */ = {isa = PBXFileReference; explicitFileType = wrapper.application; includeInIndex = 0; path = Zeez.app; sourceTree = BUILT_PRODUCTS_DIR; };
		653B18F32D3315EB00B2CAE4 /* ZeezTests.xctest */ = {isa = PBXFileReference; explicitFileType = wrapper.cfbundle; includeInIndex = 0; path = ZeezTests.xctest; sourceTree = BUILT_PRODUCTS_DIR; };
		653B18FD2D3315EB00B2CAE4 /* ZeezUITests.xctest */ = {isa = PBXFileReference; explicitFileType = wrapper.cfbundle; includeInIndex = 0; path = ZeezUITests.xctest; sourceTree = BUILT_PRODUCTS_DIR; };
/* End PBXFileReference section */

/* Begin PBXFileSystemSynchronizedRootGroup section */
		653B18E02D3315EA00B2CAE4 /* Zeez */ = {
			isa = PBXFileSystemSynchronizedRootGroup;
			path = Zeez;
			sourceTree = "<group>";
		};
		653B18F62D3315EB00B2CAE4 /* ZeezTests */ = {
			isa = PBXFileSystemSynchronizedRootGroup;
			path = ZeezTests;
			sourceTree = "<group>";
		};
		653B19002D3315EB00B2CAE4 /* ZeezUITests */ = {
			isa = PBXFileSystemSynchronizedRootGroup;
			path = ZeezUITests;
			sourceTree = "<group>";
		};
/* End PBXFileSystemSynchronizedRootGroup section */

/* Begin PBXFrameworksBuildPhase section */
		653B18DB2D3315EA00B2CAE4 /* Frameworks */ = {
			isa = PBXFrameworksBuildPhase;
			buildActionMask = 2147483647;
			files = (
			);
			runOnlyForDeploymentPostprocessing = 0;
		};
		653B18F02D3315EB00B2CAE4 /* Frameworks */ = {
			isa = PBXFrameworksBuildPhase;
			buildActionMask = 2147483647;
			files = (
			);
			runOnlyForDeploymentPostprocessing = 0;
		};
		653B18FA2D3315EB00B2CAE4 /* Frameworks */ = {
			isa = PBXFrameworksBuildPhase;
			buildActionMask = 2147483647;
			files = (
			);
			runOnlyForDeploymentPostprocessing = 0;
		};
/* End PBXFrameworksBuildPhase section */

/* Begin PBXGroup section */
		653B18D52D3315EA00B2CAE4 = {
			isa = PBXGroup;
			children = (
				653B18E02D3315EA00B2CAE4 /* Zeez */,
				653B18F62D3315EB00B2CAE4 /* ZeezTests */,
				653B19002D3315EB00B2CAE4 /* ZeezUITests */,
				653B18DF2D3315EA00B2CAE4 /* Products */,
			);
			sourceTree = "<group>";
		};
		653B18DF2D3315EA00B2CAE4 /* Products */ = {
			isa = PBXGroup;
			children = (
				653B18DE2D3315EA00B2CAE4 /* Zeez.app */,
				653B18F32D3315EB00B2CAE4 /* ZeezTests.xctest */,
				653B18FD2D3315EB00B2CAE4 /* ZeezUITests.xctest */,
			);
			name = Products;
			sourceTree = "<group>";
		};
/* End PBXGroup section */

/* Begin PBXNativeTarget section */
		653B18DD2D3315EA00B2CAE4 /* Zeez */ = {
			isa = PBXNativeTarget;
			buildConfigurationList = 653B19072D3315EB00B2CAE4 /* Build configuration list for PBXNativeTarget "Zeez" */;
			buildPhases = (
				653B18DA2D3315EA00B2CAE4 /* Sources */,
				653B18DB2D3315EA00B2CAE4 /* Frameworks */,
				653B18DC2D3315EA00B2CAE4 /* Resources */,
			);
			buildRules = (
			);
			dependencies = (
			);
			fileSystemSynchronizedGroups = (
				653B18E02D3315EA00B2CAE4 /* Zeez */,
			);
			name = Zeez;
			packageProductDependencies = (
			);
			productName = Zeez;
			productReference = 653B18DE2D3315EA00B2CAE4 /* Zeez.app */;
			productType = "com.apple.product-type.application";
		};
		653B18F22D3315EB00B2CAE4 /* ZeezTests */ = {
			isa = PBXNativeTarget;
			buildConfigurationList = 653B190A2D3315EB00B2CAE4 /* Build configuration list for PBXNativeTarget "ZeezTests" */;
			buildPhases = (
				653B18EF2D3315EB00B2CAE4 /* Sources */,
				653B18F02D3315EB00B2CAE4 /* Frameworks */,
				653B18F12D3315EB00B2CAE4 /* Resources */,
			);
			buildRules = (
			);
			dependencies = (
				653B18F52D3315EB00B2CAE4 /* PBXTargetDependency */,
			);
			fileSystemSynchronizedGroups = (
				653B18F62D3315EB00B2CAE4 /* ZeezTests */,
			);
			name = ZeezTests;
			packageProductDependencies = (
			);
			productName = ZeezTests;
			productReference = 653B18F32D3315EB00B2CAE4 /* ZeezTests.xctest */;
			productType = "com.apple.product-type.bundle.unit-test";
		};
		653B18FC2D3315EB00B2CAE4 /* ZeezUITests */ = {
			isa = PBXNativeTarget;
			buildConfigurationList = 653B190D2D3315EB00B2CAE4 /* Build configuration list for PBXNativeTarget "ZeezUITests" */;
			buildPhases = (
				653B18F92D3315EB00B2CAE4 /* Sources */,
				653B18FA2D3315EB00B2CAE4 /* Frameworks */,
				653B18FB2D3315EB00B2CAE4 /* Resources */,
			);
			buildRules = (
			);
			dependencies = (
				653B18FF2D3315EB00B2CAE4 /* PBXTargetDependency */,
			);
			fileSystemSynchronizedGroups = (
				653B19002D3315EB00B2CAE4 /* ZeezUITests */,
			);
			name = ZeezUITests;
			packageProductDependencies = (
			);
			productName = ZeezUITests;
			productReference = 653B18FD2D3315EB00B2CAE4 /* ZeezUITests.xctest */;
			productType = "com.apple.product-type.bundle.ui-testing";
		};
/* End PBXNativeTarget section */

/* Begin PBXProject section */
		653B18D62D3315EA00B2CAE4 /* Project object */ = {
			isa = PBXProject;
			attributes = {
				BuildIndependentTargetsInParallel = 1;
				LastSwiftUpdateCheck = 1610;
				LastUpgradeCheck = 1610;
				TargetAttributes = {
					653B18DD2D3315EA00B2CAE4 = {
						CreatedOnToolsVersion = 16.1;
					};
					653B18F22D3315EB00B2CAE4 = {
						CreatedOnToolsVersion = 16.1;
						TestTargetID = 653B18DD2D3315EA00B2CAE4;
					};
					653B18FC2D3315EB00B2CAE4 = {
						CreatedOnToolsVersion = 16.1;
						TestTargetID = 653B18DD2D3315EA00B2CAE4;
					};
				};
			};
			buildConfigurationList = 653B18D92D3315EA00B2CAE4 /* Build configuration list for PBXProject "Zeez" */;
			developmentRegion = en;
			hasScannedForEncodings = 0;
			knownRegions = (
				en,
				Base,
			);
			mainGroup = 653B18D52D3315EA00B2CAE4;
			minimizedProjectReferenceProxies = 1;
			preferredProjectObjectVersion = 77;
			productRefGroup = 653B18DF2D3315EA00B2CAE4 /* Products */;
			projectDirPath = "";
			projectRoot = "";
			targets = (
				653B18DD2D3315EA00B2CAE4 /* Zeez */,
				653B18F22D3315EB00B2CAE4 /* ZeezTests */,
				653B18FC2D3315EB00B2CAE4 /* ZeezUITests */,
			);
		};
/* End PBXProject section */

/* Begin PBXResourcesBuildPhase section */
		653B18DC2D3315EA00B2CAE4 /* Resources */ = {
			isa = PBXResourcesBuildPhase;
			buildActionMask = 2147483647;
			files = (
			);
			runOnlyForDeploymentPostprocessing = 0;
		};
		653B18F12D3315EB00B2CAE4 /* Resources */ = {
			isa = PBXResourcesBuildPhase;
			buildActionMask = 2147483647;
			files = (
			);
			runOnlyForDeploymentPostprocessing = 0;
		};
		653B18FB2D3315EB00B2CAE4 /* Resources */ = {
			isa = PBXResourcesBuildPhase;
			buildActionMask = 2147483647;
			files = (
			);
			runOnlyForDeploymentPostprocessing = 0;
		};
/* End PBXResourcesBuildPhase section */

/* Begin PBXSourcesBuildPhase section */
		653B18DA2D3315EA00B2CAE4 /* Sources */ = {
			isa = PBXSourcesBuildPhase;
			buildActionMask = 2147483647;
			files = (
			);
			runOnlyForDeploymentPostprocessing = 0;
		};
		653B18EF2D3315EB00B2CAE4 /* Sources */ = {
			isa = PBXSourcesBuildPhase;
			buildActionMask = 2147483647;
			files = (
			);
			runOnlyForDeploymentPostprocessing = 0;
		};
		653B18F92D3315EB00B2CAE4 /* Sources */ = {
			isa = PBXSourcesBuildPhase;
			buildActionMask = 2147483647;
			files = (
			);
			runOnlyForDeploymentPostprocessing = 0;
		};
/* End PBXSourcesBuildPhase section */

/* Begin PBXTargetDependency section */
		653B18F52D3315EB00B2CAE4 /* PBXTargetDependency */ = {
			isa = PBXTargetDependency;
			target = 653B18DD2D3315EA00B2CAE4 /* Zeez */;
			targetProxy = 653B18F42D3315EB00B2CAE4 /* PBXContainerItemProxy */;
		};
		653B18FF2D3315EB00B2CAE4 /* PBXTargetDependency */ = {
			isa = PBXTargetDependency;
			target = 653B18DD2D3315EA00B2CAE4 /* Zeez */;
			targetProxy = 653B18FE2D3315EB00B2CAE4 /* PBXContainerItemProxy */;
		};
/* End PBXTargetDependency section */

/* Begin XCBuildConfiguration section */
		653B19052D3315EB00B2CAE4 /* Debug */ = {
			isa = XCBuildConfiguration;
			buildSettings = {
				ALWAYS_SEARCH_USER_PATHS = NO;
				ASSETCATALOG_COMPILER_GENERATE_SWIFT_ASSET_SYMBOL_EXTENSIONS = YES;
				CLANG_ANALYZER_NONNULL = YES;
				CLANG_ANALYZER_NUMBER_OBJECT_CONVERSION = YES_AGGRESSIVE;
				CLANG_CXX_LANGUAGE_STANDARD = "gnu++20";
				CLANG_ENABLE_MODULES = YES;
				CLANG_ENABLE_OBJC_ARC = YES;
				CLANG_ENABLE_OBJC_WEAK = YES;
				CLANG_WARN_BLOCK_CAPTURE_AUTORELEASING = YES;
				CLANG_WARN_BOOL_CONVERSION = YES;
				CLANG_WARN_COMMA = YES;
				CLANG_WARN_CONSTANT_CONVERSION = YES;
				CLANG_WARN_DEPRECATED_OBJC_IMPLEMENTATIONS = YES;
				CLANG_WARN_DIRECT_OBJC_ISA_USAGE = YES_ERROR;
				CLANG_WARN_DOCUMENTATION_COMMENTS = YES;
				CLANG_WARN_EMPTY_BODY = YES;
				CLANG_WARN_ENUM_CONVERSION = YES;
				CLANG_WARN_INFINITE_RECURSION = YES;
				CLANG_WARN_INT_CONVERSION = YES;
				CLANG_WARN_NON_LITERAL_NULL_CONVERSION = YES;
				CLANG_WARN_OBJC_IMPLICIT_RETAIN_SELF = YES;
				CLANG_WARN_OBJC_LITERAL_CONVERSION = YES;
				CLANG_WARN_OBJC_ROOT_CLASS = YES_ERROR;
				CLANG_WARN_QUOTED_INCLUDE_IN_FRAMEWORK_HEADER = YES;
				CLANG_WARN_RANGE_LOOP_ANALYSIS = YES;
				CLANG_WARN_STRICT_PROTOTYPES = YES;
				CLANG_WARN_SUSPICIOUS_MOVE = YES;
				CLANG_WARN_UNGUARDED_AVAILABILITY = YES_AGGRESSIVE;
				CLANG_WARN_UNREACHABLE_CODE = YES;
				CLANG_WARN__DUPLICATE_METHOD_MATCH = YES;
				COPY_PHASE_STRIP = NO;
				DEBUG_INFORMATION_FORMAT = dwarf;
				ENABLE_STRICT_OBJC_MSGSEND = YES;
				ENABLE_TESTABILITY = YES;
				ENABLE_USER_SCRIPT_SANDBOXING = YES;
				GCC_C_LANGUAGE_STANDARD = gnu17;
				GCC_DYNAMIC_NO_PIC = NO;
				GCC_NO_COMMON_BLOCKS = YES;
				GCC_OPTIMIZATION_LEVEL = 0;
				GCC_PREPROCESSOR_DEFINITIONS = (
					"DEBUG=1",
					"$(inherited)",
				);
				GCC_WARN_64_TO_32_BIT_CONVERSION = YES;
				GCC_WARN_ABOUT_RETURN_TYPE = YES_ERROR;
				GCC_WARN_UNDECLARED_SELECTOR = YES;
				GCC_WARN_UNINITIALIZED_AUTOS = YES_AGGRESSIVE;
				GCC_WARN_UNUSED_FUNCTION = YES;
				GCC_WARN_UNUSED_VARIABLE = YES;
				IPHONEOS_DEPLOYMENT_TARGET = 18.1;
				LOCALIZATION_PREFERS_STRING_CATALOGS = YES;
				MTL_ENABLE_DEBUG_INFO = INCLUDE_SOURCE;
				MTL_FAST_MATH = YES;
				ONLY_ACTIVE_ARCH = YES;
				SDKROOT = iphoneos;
				SWIFT_ACTIVE_COMPILATION_CONDITIONS = "DEBUG $(inherited)";
				SWIFT_OPTIMIZATION_LEVEL = "-Onone";
			};
			name = Debug;
		};
		653B19062D3315EB00B2CAE4 /* Release */ = {
			isa = XCBuildConfiguration;
			buildSettings = {
				ALWAYS_SEARCH_USER_PATHS = NO;
				ASSETCATALOG_COMPILER_GENERATE_SWIFT_ASSET_SYMBOL_EXTENSIONS = YES;
				CLANG_ANALYZER_NONNULL = YES;
				CLANG_ANALYZER_NUMBER_OBJECT_CONVERSION = YES_AGGRESSIVE;
				CLANG_CXX_LANGUAGE_STANDARD = "gnu++20";
				CLANG_ENABLE_MODULES = YES;
				CLANG_ENABLE_OBJC_ARC = YES;
				CLANG_ENABLE_OBJC_WEAK = YES;
				CLANG_WARN_BLOCK_CAPTURE_AUTORELEASING = YES;
				CLANG_WARN_BOOL_CONVERSION = YES;
				CLANG_WARN_COMMA = YES;
				CLANG_WARN_CONSTANT_CONVERSION = YES;
				CLANG_WARN_DEPRECATED_OBJC_IMPLEMENTATIONS = YES;
				CLANG_WARN_DIRECT_OBJC_ISA_USAGE = YES_ERROR;
				CLANG_WARN_DOCUMENTATION_COMMENTS = YES;
				CLANG_WARN_EMPTY_BODY = YES;
				CLANG_WARN_ENUM_CONVERSION = YES;
				CLANG_WARN_INFINITE_RECURSION = YES;
				CLANG_WARN_INT_CONVERSION = YES;
				CLANG_WARN_NON_LITERAL_NULL_CONVERSION = YES;
				CLANG_WARN_OBJC_IMPLICIT_RETAIN_SELF = YES;
				CLANG_WARN_OBJC_LITERAL_CONVERSION = YES;
				CLANG_WARN_OBJC_ROOT_CLASS = YES_ERROR;
				CLANG_WARN_QUOTED_INCLUDE_IN_FRAMEWORK_HEADER = YES;
				CLANG_WARN_RANGE_LOOP_ANALYSIS = YES;
				CLANG_WARN_STRICT_PROTOTYPES = YES;
				CLANG_WARN_SUSPICIOUS_MOVE = YES;
				CLANG_WARN_UNGUARDED_AVAILABILITY = YES_AGGRESSIVE;
				CLANG_WARN_UNREACHABLE_CODE = YES;
				CLANG_WARN__DUPLICATE_METHOD_MATCH = YES;
				COPY_PHASE_STRIP = NO;
				DEBUG_INFORMATION_FORMAT = "dwarf-with-dsym";
				ENABLE_NS_ASSERTIONS = NO;
				ENABLE_STRICT_OBJC_MSGSEND = YES;
				ENABLE_USER_SCRIPT_SANDBOXING = YES;
				GCC_C_LANGUAGE_STANDARD = gnu17;
				GCC_NO_COMMON_BLOCKS = YES;
				GCC_WARN_64_TO_32_BIT_CONVERSION = YES;
				GCC_WARN_ABOUT_RETURN_TYPE = YES_ERROR;
				GCC_WARN_UNDECLARED_SELECTOR = YES;
				GCC_WARN_UNINITIALIZED_AUTOS = YES_AGGRESSIVE;
				GCC_WARN_UNUSED_FUNCTION = YES;
				GCC_WARN_UNUSED_VARIABLE = YES;
				IPHONEOS_DEPLOYMENT_TARGET = 18.1;
				LOCALIZATION_PREFERS_STRING_CATALOGS = YES;
				MTL_ENABLE_DEBUG_INFO = NO;
				MTL_FAST_MATH = YES;
				SDKROOT = iphoneos;
				SWIFT_COMPILATION_MODE = wholemodule;
				VALIDATE_PRODUCT = YES;
			};
			name = Release;
		};
		653B19082D3315EB00B2CAE4 /* Debug */ = {
			isa = XCBuildConfiguration;
			buildSettings = {
				ASSETCATALOG_COMPILER_APPICON_NAME = AppIcon;
				ASSETCATALOG_COMPILER_GLOBAL_ACCENT_COLOR_NAME = AccentColor;
				CODE_SIGN_IDENTITY = "Apple Development";
				CODE_SIGN_STYLE = Automatic;
				CURRENT_PROJECT_VERSION = 1;
				DEVELOPMENT_ASSET_PATHS = "\"Zeez/Preview Content\"";
				DEVELOPMENT_TEAM = QQH4V4JLV5;
				ENABLE_PREVIEWS = YES;
				GENERATE_INFOPLIST_FILE = YES;
				INFOPLIST_KEY_UIApplicationSceneManifest_Generation = YES;
				INFOPLIST_KEY_UIApplicationSupportsIndirectInputEvents = YES;
				INFOPLIST_KEY_UILaunchScreen_Generation = YES;
				INFOPLIST_KEY_UISupportedInterfaceOrientations_iPad = "UIInterfaceOrientationPortrait UIInterfaceOrientationPortraitUpsideDown UIInterfaceOrientationLandscapeLeft UIInterfaceOrientationLandscapeRight";
				INFOPLIST_KEY_UISupportedInterfaceOrientations_iPhone = "UIInterfaceOrientationPortrait UIInterfaceOrientationLandscapeLeft UIInterfaceOrientationLandscapeRight";
				LD_RUNPATH_SEARCH_PATHS = (
					"$(inherited)",
					"@executable_path/Frameworks",
				);
				MARKETING_VERSION = 1.0;
				PRODUCT_BUNDLE_IDENTIFIER = placeholder.Zeez;
				PRODUCT_NAME = "$(TARGET_NAME)";
				PROVISIONING_PROFILE_SPECIFIER = "";
				SWIFT_EMIT_LOC_STRINGS = YES;
				SWIFT_VERSION = 5.0;
				TARGETED_DEVICE_FAMILY = "1,2";
			};
			name = Debug;
		};
		653B19092D3315EB00B2CAE4 /* Release */ = {
			isa = XCBuildConfiguration;
			buildSettings = {
				ASSETCATALOG_COMPILER_APPICON_NAME = AppIcon;
				ASSETCATALOG_COMPILER_GLOBAL_ACCENT_COLOR_NAME = AccentColor;
				CODE_SIGN_IDENTITY = "Apple Development";
				CODE_SIGN_STYLE = Automatic;
				CURRENT_PROJECT_VERSION = 1;
				DEVELOPMENT_ASSET_PATHS = "\"Zeez/Preview Content\"";
				DEVELOPMENT_TEAM = QQH4V4JLV5;
				ENABLE_PREVIEWS = YES;
				GENERATE_INFOPLIST_FILE = YES;
				INFOPLIST_KEY_UIApplicationSceneManifest_Generation = YES;
				INFOPLIST_KEY_UIApplicationSupportsIndirectInputEvents = YES;
				INFOPLIST_KEY_UILaunchScreen_Generation = YES;
				INFOPLIST_KEY_UISupportedInterfaceOrientations_iPad = "UIInterfaceOrientationPortrait UIInterfaceOrientationPortraitUpsideDown UIInterfaceOrientationLandscapeLeft UIInterfaceOrientationLandscapeRight";
				INFOPLIST_KEY_UISupportedInterfaceOrientations_iPhone = "UIInterfaceOrientationPortrait UIInterfaceOrientationLandscapeLeft UIInterfaceOrientationLandscapeRight";
				LD_RUNPATH_SEARCH_PATHS = (
					"$(inherited)",
					"@executable_path/Frameworks",
				);
				MARKETING_VERSION = 1.0;
				PRODUCT_BUNDLE_IDENTIFIER = placeholder.Zeez;
				PRODUCT_NAME = "$(TARGET_NAME)";
				PROVISIONING_PROFILE_SPECIFIER = "";
				SWIFT_EMIT_LOC_STRINGS = YES;
				SWIFT_VERSION = 5.0;
				TARGETED_DEVICE_FAMILY = "1,2";
			};
			name = Release;
		};
		653B190B2D3315EB00B2CAE4 /* Debug */ = {
			isa = XCBuildConfiguration;
			buildSettings = {
				BUNDLE_LOADER = "$(TEST_HOST)";
				CODE_SIGN_STYLE = Automatic;
				CURRENT_PROJECT_VERSION = 1;
				DEVELOPMENT_TEAM = QQH4V4JLV5;
				GENERATE_INFOPLIST_FILE = YES;
				IPHONEOS_DEPLOYMENT_TARGET = 18.1;
				MARKETING_VERSION = 1.0;
				PRODUCT_BUNDLE_IDENTIFIER = placeholder.ZeezTests;
				PRODUCT_NAME = "$(TARGET_NAME)";
				SWIFT_EMIT_LOC_STRINGS = NO;
				SWIFT_VERSION = 5.0;
				TARGETED_DEVICE_FAMILY = "1,2";
				TEST_HOST = "$(BUILT_PRODUCTS_DIR)/Zeez.app/$(BUNDLE_EXECUTABLE_FOLDER_PATH)/Zeez";
			};
			name = Debug;
		};
		653B190C2D3315EB00B2CAE4 /* Release */ = {
			isa = XCBuildConfiguration;
			buildSettings = {
				BUNDLE_LOADER = "$(TEST_HOST)";
				CODE_SIGN_STYLE = Automatic;
				CURRENT_PROJECT_VERSION = 1;
				DEVELOPMENT_TEAM = QQH4V4JLV5;
				GENERATE_INFOPLIST_FILE = YES;
				IPHONEOS_DEPLOYMENT_TARGET = 18.1;
				MARKETING_VERSION = 1.0;
				PRODUCT_BUNDLE_IDENTIFIER = placeholder.ZeezTests;
				PRODUCT_NAME = "$(TARGET_NAME)";
				SWIFT_EMIT_LOC_STRINGS = NO;
				SWIFT_VERSION = 5.0;
				TARGETED_DEVICE_FAMILY = "1,2";
				TEST_HOST = "$(BUILT_PRODUCTS_DIR)/Zeez.app/$(BUNDLE_EXECUTABLE_FOLDER_PATH)/Zeez";
			};
			name = Release;
		};
		653B190E2D3315EB00B2CAE4 /* Debug */ = {
			isa = XCBuildConfiguration;
			buildSettings = {
				CODE_SIGN_STYLE = Automatic;
				CURRENT_PROJECT_VERSION = 1;
				DEVELOPMENT_TEAM = QQH4V4JLV5;
				GENERATE_INFOPLIST_FILE = YES;
				MARKETING_VERSION = 1.0;
				PRODUCT_BUNDLE_IDENTIFIER = placeholder.ZeezUITests;
				PRODUCT_NAME = "$(TARGET_NAME)";
				SWIFT_EMIT_LOC_STRINGS = NO;
				SWIFT_VERSION = 5.0;
				TARGETED_DEVICE_FAMILY = "1,2";
				TEST_TARGET_NAME = Zeez;
			};
			name = Debug;
		};
		653B190F2D3315EB00B2CAE4 /* Release */ = {
			isa = XCBuildConfiguration;
			buildSettings = {
				CODE_SIGN_STYLE = Automatic;
				CURRENT_PROJECT_VERSION = 1;
				DEVELOPMENT_TEAM = QQH4V4JLV5;
				GENERATE_INFOPLIST_FILE = YES;
				MARKETING_VERSION = 1.0;
				PRODUCT_BUNDLE_IDENTIFIER = placeholder.ZeezUITests;
				PRODUCT_NAME = "$(TARGET_NAME)";
				SWIFT_EMIT_LOC_STRINGS = NO;
				SWIFT_VERSION = 5.0;
				TARGETED_DEVICE_FAMILY = "1,2";
				TEST_TARGET_NAME = Zeez;
			};
			name = Release;
		};
/* End XCBuildConfiguration section */

/* Begin XCConfigurationList section */
		653B18D92D3315EA00B2CAE4 /* Build configuration list for PBXProject "Zeez" */ = {
			isa = XCConfigurationList;
			buildConfigurations = (
				653B19052D3315EB00B2CAE4 /* Debug */,
				653B19062D3315EB00B2CAE4 /* Release */,
			);
			defaultConfigurationIsVisible = 0;
			defaultConfigurationName = Release;
		};
		653B19072D3315EB00B2CAE4 /* Build configuration list for PBXNativeTarget "Zeez" */ = {
			isa = XCConfigurationList;
			buildConfigurations = (
				653B19082D3315EB00B2CAE4 /* Debug */,
				653B19092D3315EB00B2CAE4 /* Release */,
			);
			defaultConfigurationIsVisible = 0;
			defaultConfigurationName = Release;
		};
		653B190A2D3315EB00B2CAE4 /* Build configuration list for PBXNativeTarget "ZeezTests" */ = {
			isa = XCConfigurationList;
			buildConfigurations = (
				653B190B2D3315EB00B2CAE4 /* Debug */,
				653B190C2D3315EB00B2CAE4 /* Release */,
			);
			defaultConfigurationIsVisible = 0;
			defaultConfigurationName = Release;
		};
		653B190D2D3315EB00B2CAE4 /* Build configuration list for PBXNativeTarget "ZeezUITests" */ = {
			isa = XCConfigurationList;
			buildConfigurations = (
				653B190E2D3315EB00B2CAE4 /* Debug */,
				653B190F2D3315EB00B2CAE4 /* Release */,
			);
			defaultConfigurationIsVisible = 0;
			defaultConfigurationName = Release;
		};
/* End XCConfigurationList section */
	};
	rootObject = 653B18D62D3315EA00B2CAE4 /* Project object */;
}
